{
  "name": "capacitor-app",
  "version": "1.0.0",
  "lockfileVersion": 2,
  "requires": true,
  "packages": {
    "": {
      "name": "capacitor-app",
      "version": "1.0.0",
      "license": "ISC",
      "dependencies": {
        "@capacitor/android": "^7.2.0",
        "@capacitor/core": "^7.2.0"
      }
    },
    "node_modules/@capacitor/android": {
      "version": "7.2.0",
      "resolved": "https://registry.npmjs.org/@capacitor/android/-/android-7.2.0.tgz",
      "integrity": "sha512-zdhEy3jZPG5Toe/pGzKtDgIiBGywjaoEuQWnGVjBYPlSAEUtAhpZ2At7V0SCb26yluAuzrAUV0Ue+LQeEtHwFQ==",
      "peerDependencies": {
        "@capacitor/core": "^7.2.0"
      }
    },
    "node_modules/@capacitor/core": {
      "version": "7.2.0",
      "resolved": "https://registry.npmjs.org/@capacitor/core/-/core-7.2.0.tgz",
      "integrity": "sha512-2zCnA6RJeZ9ec4470o8QMZEQTWpekw9FNoqm5TLc10jeCrhvHVI8MPgxdZVc3mOdFlyieYu4AS1fNxSqbS57Pw==",
      "dependencies": {
        "tslib": "^2.1.0"
      }
    },
    "node_modules/tslib": {
      "version": "2.8.1",
      "resolved": "https://registry.npmjs.org/tslib/-/tslib-2.8.1.tgz",
      "integrity": "sha512-oJFu94HQb+KVduSUQL7wnpmqnfmLsOA/nAh6b6EH0wCEoK0/mPeXU6c3wKDV83MkOuHPRHtSXKKU99IBazS/2w=="
    }
  },
  "dependencies": {
    "@capacitor/android": {
      "version": "7.2.0",
      "resolved": "https://registry.npmjs.org/@capacitor/android/-/android-7.2.0.tgz",
      "integrity": "sha512-zdhEy3jZPG5Toe/pGzKtDgIiBGywjaoEuQWnGVjBYPlSAEUtAhpZ2At7V0SCb26yluAuzrAUV0Ue+LQeEtHwFQ==",
      "requires": {}
    },
    "@capacitor/core": {
      "version": "7.2.0",
      "resolved": "https://registry.npmjs.org/@capacitor/core/-/core-7.2.0.tgz",
      "integrity": "sha512-2zCnA6RJeZ9ec4470o8QMZEQTWpekw9FNoqm5TLc10jeCrhvHVI8MPgxdZVc3mOdFlyieYu4AS1fNxSqbS57Pw==",
      "requires": {
        "tslib": "^2.1.0"
      }
    },
    "tslib": {
      "version": "2.8.1",
      "resolved": "https://registry.npmjs.org/tslib/-/tslib-2.8.1.tgz",
      "integrity": "sha512-oJFu94HQb+KVduSUQL7wnpmqnfmLsOA/nAh6b6EH0wCEoK0/mPeXU6c3wKDV83MkOuHPRHtSXKKU99IBazS/2w=="
    }
  }
}
